// !$*UTF8*$!
{
	archiveVersion = 1;
	classes = {
	};
	objectVersion = 46;
	objects = {

/* Begin PBXBuildFile section */
		D8150F981E5028A3003300D7 /* AppDelegate.swift in Sources */ = {isa = PBXBuildFile; fileRef = D8150F971E5028A3003300D7 /* AppDelegate.swift */; };
		D8150F9A1E5028A3003300D7 /* ViewController.swift in Sources */ = {isa = PBXBuildFile; fileRef = D8150F991E5028A3003300D7 /* ViewController.swift */; };
		D8150F9D1E5028A3003300D7 /* Main.storyboard in Resources */ = {isa = PBXBuildFile; fileRef = D8150F9B1E5028A3003300D7 /* Main.storyboard */; };
		D8150F9F1E5028A3003300D7 /* Assets.xcassets in Resources */ = {isa = PBXBuildFile; fileRef = D8150F9E1E5028A3003300D7 /* Assets.xcassets */; };
		D8150FA21E5028A3003300D7 /* LaunchScreen.storyboard in Resources */ = {isa = PBXBuildFile; fileRef = D8150FA01E5028A3003300D7 /* LaunchScreen.storyboard */; };
		D8150FAC1E5063C0003300D7 /* UserNotifications.framework in Frameworks */ = {isa = PBXBuildFile; fileRef = D8150FAB1E5063C0003300D7 /* UserNotifications.framework */; };
		D8150FB01E579313003300D7 /* NewsItem.swift in Sources */ = {isa = PBXBuildFile; fileRef = D8150FAF1E579313003300D7 /* NewsItem.swift */; };
		D8150FB21E57DF18003300D7 /* NewsStore.swift in Sources */ = {isa = PBXBuildFile; fileRef = D8150FB11E57DF18003300D7 /* NewsStore.swift */; };
		D8150FB71E5A050D003300D7 /* MessagesViewControllerTableViewController.swift in Sources */ = {isa = PBXBuildFile; fileRef = D8150FB61E5A050D003300D7 /* MessagesViewControllerTableViewController.swift */; };
		D8150FBA1E5A1E0B003300D7 /* MessageItemCell.swift in Sources */ = {isa = PBXBuildFile; fileRef = D8150FB91E5A1E0B003300D7 /* MessageItemCell.swift */; };
		D8150FBC1E5A384E003300D7 /* DateParser.swift in Sources */ = {isa = PBXBuildFile; fileRef = D8150FBB1E5A384E003300D7 /* DateParser.swift */; };
/* End PBXBuildFile section */

/* Begin PBXFileReference section */
		D8150F941E5028A3003300D7 /* PNDemo.app */ = {isa = PBXFileReference; explicitFileType = wrapper.application; includeInIndex = 0; path = PNDemo.app; sourceTree = BUILT_PRODUCTS_DIR; };
		D8150F971E5028A3003300D7 /* AppDelegate.swift */ = {isa = PBXFileReference; lastKnownFileType = sourcecode.swift; path = AppDelegate.swift; sourceTree = "<group>"; };
		D8150F991E5028A3003300D7 /* ViewController.swift */ = {isa = PBXFileReference; lastKnownFileType = sourcecode.swift; path = ViewController.swift; sourceTree = "<group>"; };
		D8150F9C1E5028A3003300D7 /* Base */ = {isa = PBXFileReference; lastKnownFileType = file.storyboard; name = Base; path = Base.lproj/Main.storyboard; sourceTree = "<group>"; };
		D8150F9E1E5028A3003300D7 /* Assets.xcassets */ = {isa = PBXFileReference; lastKnownFileType = folder.assetcatalog; path = Assets.xcassets; sourceTree = "<group>"; };
		D8150FA11E5028A3003300D7 /* Base */ = {isa = PBXFileReference; lastKnownFileType = file.storyboard; name = Base; path = Base.lproj/LaunchScreen.storyboard; sourceTree = "<group>"; };
		D8150FA31E5028A3003300D7 /* Info.plist */ = {isa = PBXFileReference; lastKnownFileType = text.plist.xml; path = Info.plist; sourceTree = "<group>"; };
		D8150FA91E5028B5003300D7 /* PNDemo.entitlements */ = {isa = PBXFileReference; lastKnownFileType = text.plist.entitlements; path = PNDemo.entitlements; sourceTree = "<group>"; };
		D8150FAB1E5063C0003300D7 /* UserNotifications.framework */ = {isa = PBXFileReference; lastKnownFileType = wrapper.framework; name = UserNotifications.framework; path = System/Library/Frameworks/UserNotifications.framework; sourceTree = SDKROOT; };
		D8150FAF1E579313003300D7 /* NewsItem.swift */ = {isa = PBXFileReference; fileEncoding = 4; lastKnownFileType = sourcecode.swift; path = NewsItem.swift; sourceTree = "<group>"; };
		D8150FB11E57DF18003300D7 /* NewsStore.swift */ = {isa = PBXFileReference; fileEncoding = 4; lastKnownFileType = sourcecode.swift; path = NewsStore.swift; sourceTree = "<group>"; };
		D8150FB61E5A050D003300D7 /* MessagesViewControllerTableViewController.swift */ = {isa = PBXFileReference; fileEncoding = 4; lastKnownFileType = sourcecode.swift; path = MessagesViewControllerTableViewController.swift; sourceTree = "<group>"; };
		D8150FB91E5A1E0B003300D7 /* MessageItemCell.swift */ = {isa = PBXFileReference; fileEncoding = 4; lastKnownFileType = sourcecode.swift; path = MessageItemCell.swift; sourceTree = "<group>"; };
		D8150FBB1E5A384E003300D7 /* DateParser.swift */ = {isa = PBXFileReference; fileEncoding = 4; lastKnownFileType = sourcecode.swift; path = DateParser.swift; sourceTree = "<group>"; };
/* End PBXFileReference section */

/* Begin PBXFrameworksBuildPhase section */
		D8150F911E5028A3003300D7 /* Frameworks */ = {
			isa = PBXFrameworksBuildPhase;
			buildActionMask = 2147483647;
			files = (
				D8150FAC1E5063C0003300D7 /* UserNotifications.framework in Frameworks */,
			);
			runOnlyForDeploymentPostprocessing = 0;
		};
/* End PBXFrameworksBuildPhase section */

/* Begin PBXGroup section */
		D8150F8B1E5028A3003300D7 = {
			isa = PBXGroup;
			children = (
				D8150F961E5028A3003300D7 /* PNDemo */,
				D8150F951E5028A3003300D7 /* Products */,
				D8150FAA1E5063C0003300D7 /* Frameworks */,
			);
			sourceTree = "<group>";
		};
		D8150F951E5028A3003300D7 /* Products */ = {
			isa = PBXGroup;
			children = (
				D8150F941E5028A3003300D7 /* PNDemo.app */,
			);
			name = Products;
			sourceTree = "<group>";
		};
		D8150F961E5028A3003300D7 /* PNDemo */ = {
			isa = PBXGroup;
			children = (
				D8150FB81E5A1DB3003300D7 /* Views */,
				D8150FB31E593769003300D7 /* ViewControllers */,
				D8150FAE1E577D47003300D7 /* Helpers */,
				D8150FAD1E577D30003300D7 /* Models */,
				D8150FA91E5028B5003300D7 /* PNDemo.entitlements */,
				D8150F971E5028A3003300D7 /* AppDelegate.swift */,
				D8150F991E5028A3003300D7 /* ViewController.swift */,
				D8150F9B1E5028A3003300D7 /* Main.storyboard */,
				D8150F9E1E5028A3003300D7 /* Assets.xcassets */,
				D8150FA01E5028A3003300D7 /* LaunchScreen.storyboard */,
				D8150FA31E5028A3003300D7 /* Info.plist */,
			);
			path = PNDemo;
			sourceTree = "<group>";
		};
		D8150FAA1E5063C0003300D7 /* Frameworks */ = {
			isa = PBXGroup;
			children = (
				D8150FAB1E5063C0003300D7 /* UserNotifications.framework */,
			);
			name = Frameworks;
			sourceTree = "<group>";
		};
		D8150FAD1E577D30003300D7 /* Models */ = {
			isa = PBXGroup;
			children = (
				D8150FAF1E579313003300D7 /* NewsItem.swift */,
			);
			name = Models;
			sourceTree = "<group>";
		};
		D8150FAE1E577D47003300D7 /* Helpers */ = {
			isa = PBXGroup;
			children = (
				D8150FB11E57DF18003300D7 /* NewsStore.swift */,
				D8150FBB1E5A384E003300D7 /* DateParser.swift */,
			);
			name = Helpers;
			sourceTree = "<group>";
		};
		D8150FB31E593769003300D7 /* ViewControllers */ = {
			isa = PBXGroup;
			children = (
				D8150FB61E5A050D003300D7 /* MessagesViewControllerTableViewController.swift */,
			);
			name = ViewControllers;
			sourceTree = "<group>";
		};
		D8150FB81E5A1DB3003300D7 /* Views */ = {
			isa = PBXGroup;
			children = (
				D8150FB91E5A1E0B003300D7 /* MessageItemCell.swift */,
			);
			name = Views;
			sourceTree = "<group>";
		};
/* End PBXGroup section */

/* Begin PBXNativeTarget section */
		D8150F931E5028A3003300D7 /* PNDemo */ = {
			isa = PBXNativeTarget;
			buildConfigurationList = D8150FA61E5028A3003300D7 /* Build configuration list for PBXNativeTarget "PNDemo" */;
			buildPhases = (
				D8150F901E5028A3003300D7 /* Sources */,
				D8150F911E5028A3003300D7 /* Frameworks */,
				D8150F921E5028A3003300D7 /* Resources */,
			);
			buildRules = (
			);
			dependencies = (
			);
			name = PNDemo;
			productName = PNDemo;
			productReference = D8150F941E5028A3003300D7 /* PNDemo.app */;
			productType = "com.apple.product-type.application";
		};
/* End PBXNativeTarget section */

/* Begin PBXProject section */
		D8150F8C1E5028A3003300D7 /* Project object */ = {
			isa = PBXProject;
			attributes = {
				LastSwiftUpdateCheck = 0820;
				LastUpgradeCheck = 0820;
				ORGANIZATIONNAME = NaviSpin;
				TargetAttributes = {
					D8150F931E5028A3003300D7 = {
						CreatedOnToolsVersion = 8.2.1;
						DevelopmentTeam = 6K3X7EKQV2;
						ProvisioningStyle = Automatic;
						SystemCapabilities = {
							com.apple.Push = {
								enabled = 1;
							};
						};
					};
				};
			};
			buildConfigurationList = D8150F8F1E5028A3003300D7 /* Build configuration list for PBXProject "PNDemo" */;
			compatibilityVersion = "Xcode 3.2";
			developmentRegion = English;
			hasScannedForEncodings = 0;
			knownRegions = (
				en,
				Base,
			);
			mainGroup = D8150F8B1E5028A3003300D7;
			productRefGroup = D8150F951E5028A3003300D7 /* Products */;
			projectDirPath = "";
			projectRoot = "";
			targets = (
				D8150F931E5028A3003300D7 /* PNDemo */,
			);
		};
/* End PBXProject section */

/* Begin PBXResourcesBuildPhase section */
		D8150F921E5028A3003300D7 /* Resources */ = {
			isa = PBXResourcesBuildPhase;
			buildActionMask = 2147483647;
			files = (
				D8150FA21E5028A3003300D7 /* LaunchScreen.storyboard in Resources */,
				D8150F9F1E5028A3003300D7 /* Assets.xcassets in Resources */,
				D8150F9D1E5028A3003300D7 /* Main.storyboard in Resources */,
			);
			runOnlyForDeploymentPostprocessing = 0;
		};
/* End PBXResourcesBuildPhase section */

/* Begin PBXSourcesBuildPhase section */
		D8150F901E5028A3003300D7 /* Sources */ = {
			isa = PBXSourcesBuildPhase;
			buildActionMask = 2147483647;
			files = (
				D8150FB21E57DF18003300D7 /* NewsStore.swift in Sources */,
				D8150F9A1E5028A3003300D7 /* ViewController.swift in Sources */,
				D8150FBC1E5A384E003300D7 /* DateParser.swift in Sources */,
				D8150FB01E579313003300D7 /* NewsItem.swift in Sources */,
				D8150F981E5028A3003300D7 /* AppDelegate.swift in Sources */,
				D8150FBA1E5A1E0B003300D7 /* MessageItemCell.swift in Sources */,
				D8150FB71E5A050D003300D7 /* MessagesViewControllerTableViewController.swift in Sources */,
			);
			runOnlyForDeploymentPostprocessing = 0;
		};
/* End PBXSourcesBuildPhase section */

/* Begin PBXVariantGroup section */
		D8150F9B1E5028A3003300D7 /* Main.storyboard */ = {
			isa = PBXVariantGroup;
			children = (
				D8150F9C1E5028A3003300D7 /* Base */,
			);
			name = Main.storyboard;
			sourceTree = "<group>";
		};
		D8150FA01E5028A3003300D7 /* LaunchScreen.storyboard */ = {
			isa = PBXVariantGroup;
			children = (
				D8150FA11E5028A3003300D7 /* Base */,
			);
			name = LaunchScreen.storyboard;
			sourceTree = "<group>";
		};
/* End PBXVariantGroup section */

/* Begin XCBuildConfiguration section */
		D8150FA41E5028A3003300D7 /* Debug */ = {
			isa = XCBuildConfiguration;
			buildSettings = {
				ALWAYS_SEARCH_USER_PATHS = NO;
				CLANG_ANALYZER_NONNULL = YES;
				CLANG_CXX_LANGUAGE_STANDARD = "gnu++0x";
				CLANG_CXX_LIBRARY = "libc++";
				CLANG_ENABLE_MODULES = YES;
				CLANG_ENABLE_OBJC_ARC = YES;
				CLANG_WARN_BOOL_CONVERSION = YES;
				CLANG_WARN_CONSTANT_CONVERSION = YES;
				CLANG_WARN_DIRECT_OBJC_ISA_USAGE = YES_ERROR;
				CLANG_WARN_DOCUMENTATION_COMMENTS = YES;
				CLANG_WARN_EMPTY_BODY = YES;
				CLANG_WARN_ENUM_CONVERSION = YES;
				CLANG_WARN_INFINITE_RECURSION = YES;
				CLANG_WARN_INT_CONVERSION = YES;
				CLANG_WARN_OBJC_ROOT_CLASS = YES_ERROR;
				CLANG_WARN_SUSPICIOUS_MOVE = YES;
				CLANG_WARN_UNREACHABLE_CODE = YES;
				CLANG_WARN__DUPLICATE_METHOD_MATCH = YES;
				"CODE_SIGN_IDENTITY[sdk=iphoneos*]" = "iPhone Developer";
				COPY_PHASE_STRIP = NO;
				DEBUG_INFORMATION_FORMAT = dwarf;
				ENABLE_STRICT_OBJC_MSGSEND = YES;
				ENABLE_TESTABILITY = YES;
				GCC_C_LANGUAGE_STANDARD = gnu99;
				GCC_DYNAMIC_NO_PIC = NO;
				GCC_NO_COMMON_BLOCKS = YES;
				GCC_OPTIMIZATION_LEVEL = 0;
				GCC_PREPROCESSOR_DEFINITIONS = (
					"DEBUG=1",
					"$(inherited)",
				);
				GCC_WARN_64_TO_32_BIT_CONVERSION = YES;
				GCC_WARN_ABOUT_RETURN_TYPE = YES_ERROR;
				GCC_WARN_UNDECLARED_SELECTOR = YES;
				GCC_WARN_UNINITIALIZED_AUTOS = YES_AGGRESSIVE;
				GCC_WARN_UNUSED_FUNCTION = YES;
				GCC_WARN_UNUSED_VARIABLE = YES;
				IPHONEOS_DEPLOYMENT_TARGET = 10.2;
				MTL_ENABLE_DEBUG_INFO = YES;
				ONLY_ACTIVE_ARCH = YES;
				SDKROOT = iphoneos;
				SWIFT_ACTIVE_COMPILATION_CONDITIONS = DEBUG;
				SWIFT_OPTIMIZATION_LEVEL = "-Onone";
			};
			name = Debug;
		};
		D8150FA51E5028A3003300D7 /* Release */ = {
			isa = XCBuildConfiguration;
			buildSettings = {
				ALWAYS_SEARCH_USER_PATHS = NO;
				CLANG_ANALYZER_NONNULL = YES;
				CLANG_CXX_LANGUAGE_STANDARD = "gnu++0x";
				CLANG_CXX_LIBRARY = "libc++";
				CLANG_ENABLE_MODULES = YES;
				CLANG_ENABLE_OBJC_ARC = YES;
				CLANG_WARN_BOOL_CONVERSION = YES;
				CLANG_WARN_CONSTANT_CONVERSION = YES;
				CLANG_WARN_DIRECT_OBJC_ISA_USAGE = YES_ERROR;
				CLANG_WARN_DOCUMENTATION_COMMENTS = YES;
				CLANG_WARN_EMPTY_BODY = YES;
				CLANG_WARN_ENUM_CONVERSION = YES;
				CLANG_WARN_INFINITE_RECURSION = YES;
				CLANG_WARN_INT_CONVERSION = YES;
				CLANG_WARN_OBJC_ROOT_CLASS = YES_ERROR;
				CLANG_WARN_SUSPICIOUS_MOVE = YES;
				CLANG_WARN_UNREACHABLE_CODE = YES;
				CLANG_WARN__DUPLICATE_METHOD_MATCH = YES;
				"CODE_SIGN_IDENTITY[sdk=iphoneos*]" = "iPhone Developer";
				COPY_PHASE_STRIP = NO;
				DEBUG_INFORMATION_FORMAT = "dwarf-with-dsym";
				ENABLE_NS_ASSERTIONS = NO;
				ENABLE_STRICT_OBJC_MSGSEND = YES;
				GCC_C_LANGUAGE_STANDARD = gnu99;
				GCC_NO_COMMON_BLOCKS = YES;
				GCC_WARN_64_TO_32_BIT_CONVERSION = YES;
				GCC_WARN_ABOUT_RETURN_TYPE = YES_ERROR;
				GCC_WARN_UNDECLARED_SELECTOR = YES;
				GCC_WARN_UNINITIALIZED_AUTOS = YES_AGGRESSIVE;
				GCC_WARN_UNUSED_FUNCTION = YES;
				GCC_WARN_UNUSED_VARIABLE = YES;
				IPHONEOS_DEPLOYMENT_TARGET = 10.2;
				MTL_ENABLE_DEBUG_INFO = NO;
				SDKROOT = iphoneos;
				SWIFT_OPTIMIZATION_LEVEL = "-Owholemodule";
				VALIDATE_PRODUCT = YES;
			};
			name = Release;
		};
		D8150FA71E5028A3003300D7 /* Debug */ = {
			isa = XCBuildConfiguration;
			buildSettings = {
				ASSETCATALOG_COMPILER_APPICON_NAME = AppIcon;
				CODE_SIGN_ENTITLEMENTS = PNDemo/PNDemo.entitlements;
				DEVELOPMENT_TEAM = 6K3X7EKQV2;
				INFOPLIST_FILE = PNDemo/Info.plist;
				LD_RUNPATH_SEARCH_PATHS = "$(inherited) @executable_path/Frameworks";
				PRODUCT_BUNDLE_IDENTIFIER = com.navispin.samples.PNDemo;
				PRODUCT_NAME = "$(TARGET_NAME)";
				SWIFT_VERSION = 3.0;
			};
			name = Debug;
		};
		D8150FA81E5028A3003300D7 /* Release */ = {
			isa = XCBuildConfiguration;
			buildSettings = {
				ASSETCATALOG_COMPILER_APPICON_NAME = AppIcon;
				CODE_SIGN_ENTITLEMENTS = PNDemo/PNDemo.entitlements;
				DEVELOPMENT_TEAM = 6K3X7EKQV2;
				INFOPLIST_FILE = PNDemo/Info.plist;
				LD_RUNPATH_SEARCH_PATHS = "$(inherited) @executable_path/Frameworks";
				PRODUCT_BUNDLE_IDENTIFIER = com.navispin.samples.PNDemo;
				PRODUCT_NAME = "$(TARGET_NAME)";
				SWIFT_VERSION = 3.0;
			};
			name = Release;
		};
/* End XCBuildConfiguration section */

/* Begin XCConfigurationList section */
		D8150F8F1E5028A3003300D7 /* Build configuration list for PBXProject "PNDemo" */ = {
			isa = XCConfigurationList;
			buildConfigurations = (
				D8150FA41E5028A3003300D7 /* Debug */,
				D8150FA51E5028A3003300D7 /* Release */,
			);
			defaultConfigurationIsVisible = 0;
			defaultConfigurationName = Release;
		};
		D8150FA61E5028A3003300D7 /* Build configuration list for PBXNativeTarget "PNDemo" */ = {
			isa = XCConfigurationList;
			buildConfigurations = (
				D8150FA71E5028A3003300D7 /* Debug */,
				D8150FA81E5028A3003300D7 /* Release */,
			);
			defaultConfigurationIsVisible = 0;
		};
/* End XCConfigurationList section */
	};
	rootObject = D8150F8C1E5028A3003300D7 /* Project object */;
}
